
Microsoft Visual Studio Solution File, Format Version 12.00
# Visual Studio Version 17
VisualStudioVersion = 17.14.36705.20 d17.14
MinimumVisualStudioVersion = 10.0.40219.1
Project("{FAE04EC0-301F-11D3-BF4B-00C04F79EFBC}") = "GestorReportes", "GestorReportes\GestorReportes.csproj", "{A98C6724-63EC-4DCE-8913-017421BD6E96}"
EndProject
Global
	GlobalSection(SolutionConfigurationPlatforms) = preSolution
		Debug|Any CPU = Debug|Any CPU
		Release|Any CPU = Release|Any CPU
	EndGlobalSection
	GlobalSection(ProjectConfigurationPlatforms) = postSolution
		{A98C6724-63EC-4DCE-8913-017421BD6E96}.Debug|Any CPU.ActiveCfg = Debug|Any CPU
		{A98C6724-63EC-4DCE-8913-017421BD6E96}.Debug|Any CPU.Build.0 = Debug|Any CPU
		{A98C6724-63EC-4DCE-8913-017421BD6E96}.Release|Any CPU.ActiveCfg = Release|Any CPU
		{A98C6724-63EC-4DCE-8913-017421BD6E96}.Release|Any CPU.Build.0 = Release|Any CPU
	EndGlobalSection
	GlobalSection(SolutionProperties) = preSolution
		HideSolutionNode = FALSE
	EndGlobalSection
	GlobalSection(ExtensibilityGlobals) = postSolution
		SolutionGuid = {0340F8C9-E630-4422-BC84-BC6653582773}
	EndGlobalSection
EndGlobal
